
Microsoft Visual Studio Solution File, Format Version 12.00
Project("{2150E333-8FDC-42A3-9474-1A3956D46DE8}") = "Services", "Services", "{9C2034D4-F02C-401F-8845-8F995544D8BC}"
EndProject
Project("{2150E333-8FDC-42A3-9474-1A3956D46DE8}") = "Booking", "Booking", "{D02E58C8-65F2-41D6-835E-16431794048B}"
EndProject
Project("{FAE04EC0-301F-11D3-BF4B-00C04F79EFBC}") = "Booking.Api", "Services\Booking\Booking.Api\Booking.Api.csproj", "{E784DCEC-DC05-4D03-941F-C5A431917F35}"
EndProject
Project("{2150E333-8FDC-42A3-9474-1A3956D46DE8}") = "Catalog", "Catalog", "{25F682CA-224E-46E5-BA1D-B02519B32D64}"
EndProject
Project("{FAE04EC0-301F-11D3-BF4B-00C04F79EFBC}") = "Catalog.Api", "Services\Catalog\Catalog.Api\Catalog.Api.csproj", "{6F5027E3-7C6D-4740-A915-916B498AB5BA}"
EndProject
Project("{FAE04EC0-301F-11D3-BF4B-00C04F79EFBC}") = "Library.Api", "Services\Library\Library.Api\Library.Api.csproj", "{DE68DBBF-17D8-48DA-B0E9-C25469F4B7E7}"
EndProject
Project("{2150E333-8FDC-42A3-9474-1A3956D46DE8}") = "Library", "Library", "{46E1E7BA-B53C-41C7-A50D-4DD980AE39F0}"
EndProject
Project("{FAE04EC0-301F-11D3-BF4B-00C04F79EFBC}") = "Auth.Api", "Services\Auth\Auth.Api\Auth.Api.csproj", "{3CF91E32-0E98-4EE5-9BD7-18F9EF4FE6E7}"
EndProject
Project("{2150E333-8FDC-42A3-9474-1A3956D46DE8}") = "Auth", "Auth", "{39A8C8D0-83EB-463C-943F-0A4A9427766D}"
EndProject
Project("{FAE04EC0-301F-11D3-BF4B-00C04F79EFBC}") = "Notification.Api", "Services\Notification\Notification.Api\Notification.Api.csproj", "{D388181B-3EDB-486B-821C-26FD6AB9820E}"
EndProject
Project("{2150E333-8FDC-42A3-9474-1A3956D46DE8}") = "Notification", "Notification", "{1D89F449-0A11-49F6-9D2D-29CB39FE9441}"
EndProject
Project("{FAE04EC0-301F-11D3-BF4B-00C04F79EFBC}") = "External.ApiGateway", "ApiGateways\External.ApiGateway\External.ApiGateway.csproj", "{4A3DC498-006E-4CD8-B0F2-A7ABD9F66816}"
EndProject
Project("{2150E333-8FDC-42A3-9474-1A3956D46DE8}") = "ApiGateways", "ApiGateways", "{2C265C79-46BA-4DFD-882B-7ED88729D3AE}"
EndProject
Project("{FAE04EC0-301F-11D3-BF4B-00C04F79EFBC}") = "SuperLibrary.Web", "Shared\SuperLibrary.Web\SuperLibrary.Web.csproj", "{5A1237C8-CDC6-43CC-9BB1-CA57733140E1}"
EndProject
Project("{2150E333-8FDC-42A3-9474-1A3956D46DE8}") = "Shared", "Shared", "{E711290C-989A-4D4D-90B5-4F0660CDFB5B}"
EndProject
Project("{FAE04EC0-301F-11D3-BF4B-00C04F79EFBC}") = "Library.Domain", "Services\Library\Library.Domain\Library.Domain.csproj", "{921E21CF-5AE3-4E4F-87EA-A7A2913F93ED}"
EndProject
Project("{FAE04EC0-301F-11D3-BF4B-00C04F79EFBC}") = "Library.Infrastructure", "Services\Library\Library.Infrastructure\Library.Infrastructure.csproj", "{FCADD20A-1154-4C54-9DC5-7893A726A7B6}"
EndProject
Project("{FAE04EC0-301F-11D3-BF4B-00C04F79EFBC}") = "SuperLibrary.DomainAbstractions", "Shared\SuperLibrary.DomainAbstractions\SuperLibrary.DomainAbstractions.csproj", "{9E16F5FC-1CA2-4588-A654-0DD837549E59}"
EndProject
Project("{FAE04EC0-301F-11D3-BF4B-00C04F79EFBC}") = "SuperLibrary.RabbitMQ", "Shared\SuperLibrary.RabbitMQ\SuperLibrary.RabbitMQ.csproj", "{E2DA9E87-5DAC-461F-8034-B245CD18288C}"
EndProject
Project("{2150E333-8FDC-42A3-9474-1A3956D46DE8}") = "Solution Items", "Solution Items", "{E5F5C164-5178-4CE0-B71F-3790543A6822}"
	ProjectSection(SolutionItems) = preProject
		compose.yaml = compose.yaml
	EndProjectSection
EndProject
Project("{FAE04EC0-301F-11D3-BF4B-00C04F79EFBC}") = "Booking.Domain", "Services\Booking\Booking.Domain\Booking.Domain.csproj", "{F80A2B29-CB7F-4359-9990-A888BCF696B7}"
EndProject
Project("{FAE04EC0-301F-11D3-BF4B-00C04F79EFBC}") = "Booking.Infrastructure", "Services\Booking\Booking.Infrastructure\Booking.Infrastructure.csproj", "{A2CAFCE3-CBF7-4DE2-9953-317632DD68E3}"
EndProject
Global
	GlobalSection(SolutionConfigurationPlatforms) = preSolution
		Debug|Any CPU = Debug|Any CPU
		Release|Any CPU = Release|Any CPU
	EndGlobalSection
	GlobalSection(NestedProjects) = preSolution
		{D02E58C8-65F2-41D6-835E-16431794048B} = {9C2034D4-F02C-401F-8845-8F995544D8BC}
		{E784DCEC-DC05-4D03-941F-C5A431917F35} = {D02E58C8-65F2-41D6-835E-16431794048B}
		{25F682CA-224E-46E5-BA1D-B02519B32D64} = {9C2034D4-F02C-401F-8845-8F995544D8BC}
		{6F5027E3-7C6D-4740-A915-916B498AB5BA} = {25F682CA-224E-46E5-BA1D-B02519B32D64}
		{46E1E7BA-B53C-41C7-A50D-4DD980AE39F0} = {9C2034D4-F02C-401F-8845-8F995544D8BC}
		{DE68DBBF-17D8-48DA-B0E9-C25469F4B7E7} = {46E1E7BA-B53C-41C7-A50D-4DD980AE39F0}
		{39A8C8D0-83EB-463C-943F-0A4A9427766D} = {9C2034D4-F02C-401F-8845-8F995544D8BC}
		{3CF91E32-0E98-4EE5-9BD7-18F9EF4FE6E7} = {39A8C8D0-83EB-463C-943F-0A4A9427766D}
		{1D89F449-0A11-49F6-9D2D-29CB39FE9441} = {9C2034D4-F02C-401F-8845-8F995544D8BC}
		{D388181B-3EDB-486B-821C-26FD6AB9820E} = {1D89F449-0A11-49F6-9D2D-29CB39FE9441}
		{4A3DC498-006E-4CD8-B0F2-A7ABD9F66816} = {2C265C79-46BA-4DFD-882B-7ED88729D3AE}
		{5A1237C8-CDC6-43CC-9BB1-CA57733140E1} = {E711290C-989A-4D4D-90B5-4F0660CDFB5B}
		{921E21CF-5AE3-4E4F-87EA-A7A2913F93ED} = {46E1E7BA-B53C-41C7-A50D-4DD980AE39F0}
		{FCADD20A-1154-4C54-9DC5-7893A726A7B6} = {46E1E7BA-B53C-41C7-A50D-4DD980AE39F0}
		{9E16F5FC-1CA2-4588-A654-0DD837549E59} = {E711290C-989A-4D4D-90B5-4F0660CDFB5B}
		{E2DA9E87-5DAC-461F-8034-B245CD18288C} = {E711290C-989A-4D4D-90B5-4F0660CDFB5B}
		{F80A2B29-CB7F-4359-9990-A888BCF696B7} = {D02E58C8-65F2-41D6-835E-16431794048B}
		{A2CAFCE3-CBF7-4DE2-9953-317632DD68E3} = {D02E58C8-65F2-41D6-835E-16431794048B}
	EndGlobalSection
	GlobalSection(ProjectConfigurationPlatforms) = postSolution
		{E784DCEC-DC05-4D03-941F-C5A431917F35}.Debug|Any CPU.ActiveCfg = Debug|Any CPU
		{E784DCEC-DC05-4D03-941F-C5A431917F35}.Debug|Any CPU.Build.0 = Debug|Any CPU
		{E784DCEC-DC05-4D03-941F-C5A431917F35}.Release|Any CPU.ActiveCfg = Release|Any CPU
		{E784DCEC-DC05-4D03-941F-C5A431917F35}.Release|Any CPU.Build.0 = Release|Any CPU
		{6F5027E3-7C6D-4740-A915-916B498AB5BA}.Debug|Any CPU.ActiveCfg = Debug|Any CPU
		{6F5027E3-7C6D-4740-A915-916B498AB5BA}.Debug|Any CPU.Build.0 = Debug|Any CPU
		{6F5027E3-7C6D-4740-A915-916B498AB5BA}.Release|Any CPU.ActiveCfg = Release|Any CPU
		{6F5027E3-7C6D-4740-A915-916B498AB5BA}.Release|Any CPU.Build.0 = Release|Any CPU
		{DE68DBBF-17D8-48DA-B0E9-C25469F4B7E7}.Debug|Any CPU.ActiveCfg = Debug|Any CPU
		{DE68DBBF-17D8-48DA-B0E9-C25469F4B7E7}.Debug|Any CPU.Build.0 = Debug|Any CPU
		{DE68DBBF-17D8-48DA-B0E9-C25469F4B7E7}.Release|Any CPU.ActiveCfg = Release|Any CPU
		{DE68DBBF-17D8-48DA-B0E9-C25469F4B7E7}.Release|Any CPU.Build.0 = Release|Any CPU
		{3CF91E32-0E98-4EE5-9BD7-18F9EF4FE6E7}.Debug|Any CPU.ActiveCfg = Debug|Any CPU
		{3CF91E32-0E98-4EE5-9BD7-18F9EF4FE6E7}.Debug|Any CPU.Build.0 = Debug|Any CPU
		{3CF91E32-0E98-4EE5-9BD7-18F9EF4FE6E7}.Release|Any CPU.ActiveCfg = Release|Any CPU
		{3CF91E32-0E98-4EE5-9BD7-18F9EF4FE6E7}.Release|Any CPU.Build.0 = Release|Any CPU
		{D388181B-3EDB-486B-821C-26FD6AB9820E}.Debug|Any CPU.ActiveCfg = Debug|Any CPU
		{D388181B-3EDB-486B-821C-26FD6AB9820E}.Debug|Any CPU.Build.0 = Debug|Any CPU
		{D388181B-3EDB-486B-821C-26FD6AB9820E}.Release|Any CPU.ActiveCfg = Release|Any CPU
		{D388181B-3EDB-486B-821C-26FD6AB9820E}.Release|Any CPU.Build.0 = Release|Any CPU
		{4A3DC498-006E-4CD8-B0F2-A7ABD9F66816}.Debug|Any CPU.ActiveCfg = Debug|Any CPU
		{4A3DC498-006E-4CD8-B0F2-A7ABD9F66816}.Debug|Any CPU.Build.0 = Debug|Any CPU
		{4A3DC498-006E-4CD8-B0F2-A7ABD9F66816}.Release|Any CPU.ActiveCfg = Release|Any CPU
		{4A3DC498-006E-4CD8-B0F2-A7ABD9F66816}.Release|Any CPU.Build.0 = Release|Any CPU
		{5A1237C8-CDC6-43CC-9BB1-CA57733140E1}.Debug|Any CPU.ActiveCfg = Debug|Any CPU
		{5A1237C8-CDC6-43CC-9BB1-CA57733140E1}.Debug|Any CPU.Build.0 = Debug|Any CPU
		{5A1237C8-CDC6-43CC-9BB1-CA57733140E1}.Release|Any CPU.ActiveCfg = Release|Any CPU
		{5A1237C8-CDC6-43CC-9BB1-CA57733140E1}.Release|Any CPU.Build.0 = Release|Any CPU
		{921E21CF-5AE3-4E4F-87EA-A7A2913F93ED}.Debug|Any CPU.ActiveCfg = Debug|Any CPU
		{921E21CF-5AE3-4E4F-87EA-A7A2913F93ED}.Debug|Any CPU.Build.0 = Debug|Any CPU
		{921E21CF-5AE3-4E4F-87EA-A7A2913F93ED}.Release|Any CPU.ActiveCfg = Release|Any CPU
		{921E21CF-5AE3-4E4F-87EA-A7A2913F93ED}.Release|Any CPU.Build.0 = Release|Any CPU
		{FCADD20A-1154-4C54-9DC5-7893A726A7B6}.Debug|Any CPU.ActiveCfg = Debug|Any CPU
		{FCADD20A-1154-4C54-9DC5-7893A726A7B6}.Debug|Any CPU.Build.0 = Debug|Any CPU
		{FCADD20A-1154-4C54-9DC5-7893A726A7B6}.Release|Any CPU.ActiveCfg = Release|Any CPU
		{FCADD20A-1154-4C54-9DC5-7893A726A7B6}.Release|Any CPU.Build.0 = Release|Any CPU
		{9E16F5FC-1CA2-4588-A654-0DD837549E59}.Debug|Any CPU.ActiveCfg = Debug|Any CPU
		{9E16F5FC-1CA2-4588-A654-0DD837549E59}.Debug|Any CPU.Build.0 = Debug|Any CPU
		{9E16F5FC-1CA2-4588-A654-0DD837549E59}.Release|Any CPU.ActiveCfg = Release|Any CPU
		{9E16F5FC-1CA2-4588-A654-0DD837549E59}.Release|Any CPU.Build.0 = Release|Any CPU
		{E2DA9E87-5DAC-461F-8034-B245CD18288C}.Debug|Any CPU.ActiveCfg = Debug|Any CPU
		{E2DA9E87-5DAC-461F-8034-B245CD18288C}.Debug|Any CPU.Build.0 = Debug|Any CPU
		{E2DA9E87-5DAC-461F-8034-B245CD18288C}.Release|Any CPU.ActiveCfg = Release|Any CPU
		{E2DA9E87-5DAC-461F-8034-B245CD18288C}.Release|Any CPU.Build.0 = Release|Any CPU
		{F80A2B29-CB7F-4359-9990-A888BCF696B7}.Debug|Any CPU.ActiveCfg = Debug|Any CPU
		{F80A2B29-CB7F-4359-9990-A888BCF696B7}.Debug|Any CPU.Build.0 = Debug|Any CPU
		{F80A2B29-CB7F-4359-9990-A888BCF696B7}.Release|Any CPU.ActiveCfg = Release|Any CPU
		{F80A2B29-CB7F-4359-9990-A888BCF696B7}.Release|Any CPU.Build.0 = Release|Any CPU
		{A2CAFCE3-CBF7-4DE2-9953-317632DD68E3}.Debug|Any CPU.ActiveCfg = Debug|Any CPU
		{A2CAFCE3-CBF7-4DE2-9953-317632DD68E3}.Debug|Any CPU.Build.0 = Debug|Any CPU
		{A2CAFCE3-CBF7-4DE2-9953-317632DD68E3}.Release|Any CPU.ActiveCfg = Release|Any CPU
		{A2CAFCE3-CBF7-4DE2-9953-317632DD68E3}.Release|Any CPU.Build.0 = Release|Any CPU
	EndGlobalSection
EndGlobal
